
Microsoft Visual Studio Solution File, Format Version 12.00
# Visual Studio Version 17
VisualStudioVersion = 17.0.31903.59
MinimumVisualStudioVersion = 10.0.40219.1
Project("{2150E333-8FDC-42A3-9474-1A3956D46DE8}") = "src", "src", "{827E0CD3-B72D-47B6-A68D-7590B98EB39B}"
EndProject
Project("{FAE04EC0-301F-11D3-BF4B-00C04F79EFBC}") = "MGF.Domain", "src\MGF.Domain\MGF.Domain.csproj", "{F37ACDF1-B771-4028-8337-EDE7C8DC0E86}"
EndProject
Project("{FAE04EC0-301F-11D3-BF4B-00C04F79EFBC}") = "MGF.Application", "src\MGF.Application\MGF.Application.csproj", "{5297B927-98B8-4700-9E26-865943304B21}"
EndProject
Project("{FAE04EC0-301F-11D3-BF4B-00C04F79EFBC}") = "MGF.Infrastructure", "src\MGF.Infrastructure\MGF.Infrastructure.csproj", "{8BA684C5-3FEB-4222-B0CD-CDE6AD0D98CA}"
EndProject
Project("{FAE04EC0-301F-11D3-BF4B-00C04F79EFBC}") = "MGF.Desktop.Wpf", "src\MGF.Desktop.Wpf\MGF.Desktop.Wpf.csproj", "{9605EFFB-D58D-4939-934A-C60B61580218}"
EndProject
Project("{FAE04EC0-301F-11D3-BF4B-00C04F79EFBC}") = "MGF.Tools.Migrator", "src\Data\MGF.Tools.Migrator\MGF.Tools.Migrator.csproj", "{15072A07-6D2E-4800-8326-41BE141FF996}"
EndProject
Project("{2150E333-8FDC-42A3-9474-1A3956D46DE8}") = "tests", "tests", "{0AB3BF05-4346-4AA6-1389-037BE0695223}"
EndProject
Project("{FAE04EC0-301F-11D3-BF4B-00C04F79EFBC}") = "MGF.Domain.Tests", "tests\MGF.Domain.Tests\MGF.Domain.Tests.csproj", "{223C07C1-4CDA-4DAD-A564-8782B3BD5088}"
EndProject
Project("{FAE04EC0-301F-11D3-BF4B-00C04F79EFBC}") = "MGF.Application.Tests", "tests\MGF.Application.Tests\MGF.Application.Tests.csproj", "{5534A907-9024-46D4-96D2-63A52B650774}"
EndProject
Project("{FAE04EC0-301F-11D3-BF4B-00C04F79EFBC}") = "MGF.Infrastructure.IntegrationTests", "tests\MGF.Infrastructure.IntegrationTests\MGF.Infrastructure.IntegrationTests.csproj", "{E2C25545-8E02-4D9A-843C-DE540BC85F69}"
EndProject
Project("{FAE04EC0-301F-11D3-BF4B-00C04F79EFBC}") = "MGF.Api", "src\MGF.Api\MGF.Api.csproj", "{5A38DC86-EC6E-49D0-8087-BECBD07FAF4C}"
EndProject
Project("{FAE04EC0-301F-11D3-BF4B-00C04F79EFBC}") = "MGF.Worker", "src\MGF.Worker\MGF.Worker.csproj", "{2D5304AF-DACF-472D-BB5B-79418082F00F}"
EndProject
Project("{FAE04EC0-301F-11D3-BF4B-00C04F79EFBC}") = "MGF.Tools.SquareImport", "src\DevTools\MGF.Tools.SquareImport\MGF.Tools.SquareImport.csproj", "{CA1639AE-FFAA-4378-AE1A-904D4456F738}"
EndProject
Project("{FAE04EC0-301F-11D3-BF4B-00C04F79EFBC}") = "MGF.Tools.DbMigrationsInfo", "src\DevTools\MGF.Tools.DbMigrationsInfo\MGF.Tools.DbMigrationsInfo.csproj", "{709E55AA-D087-42A5-A0D7-3610CB0B362F}"
EndProject
Project("{FAE04EC0-301F-11D3-BF4B-00C04F79EFBC}") = "MGF.Tools.Provisioner", "src\Operations\MGF.Tools.Provisioner\MGF.Tools.Provisioner.csproj", "{AE045178-4EC0-4367-A63B-427C113D7648}"
EndProject
Project("{FAE04EC0-301F-11D3-BF4B-00C04F79EFBC}") = "MGF.Provisioning", "src\Platform\MGF.Provisioning\MGF.Provisioning.csproj", "{B5B9483E-3FD3-4F87-A80E-4FCD1490A629}"
EndProject
Project("{FAE04EC0-301F-11D3-BF4B-00C04F79EFBC}") = "MGF.Tools.Provisioner.Tests", "tests\MGF.Tools.Provisioner.Tests\MGF.Tools.Provisioner.Tests.csproj", "{0B25CB0E-CB31-45BB-909C-0C7C46B55582}"
EndProject
Project("{FAE04EC0-301F-11D3-BF4B-00C04F79EFBC}") = "MGF.TemplateValidation.Tests", "tests\MGF.TemplateValidation.Tests\MGF.TemplateValidation.Tests.csproj", "{A12C1D09-C51E-4BED-9B5D-85ECDA1F84A2}"
EndProject
Project("{FAE04EC0-301F-11D3-BF4B-00C04F79EFBC}") = "MGF.Tools.ProjectBootstrap", "src\MGF.Tools.ProjectBootstrap\MGF.Tools.ProjectBootstrap.csproj", "{9FA4B1BC-A43F-4A2D-A5D5-618C400CA4A9}"
EndProject
Project("{FAE04EC0-301F-11D3-BF4B-00C04F79EFBC}") = "MGF.Tools.LegacyAudit", "src\DevTools\MGF.Tools.LegacyAudit\MGF.Tools.LegacyAudit.csproj", "{A09AEA20-8FEF-4C03-ADB7-BD1B95CB3340}"
EndProject
Project("{FAE04EC0-301F-11D3-BF4B-00C04F79EFBC}") = "MGF.Tools.LegacyAudit.Tests", "tests\MGF.Tools.LegacyAudit.Tests\MGF.Tools.LegacyAudit.Tests.csproj", "{D7CA95D2-1857-4354-A450-952E20730651}"
EndProject
Project("{FAE04EC0-301F-11D3-BF4B-00C04F79EFBC}") = "MGF.Worker.Tests", "tests\MGF.Worker.Tests\MGF.Worker.Tests.csproj", "{E9423ABD-6256-4DF9-876D-8ADE5ED88A97}"
EndProject
Project("{FAE04EC0-301F-11D3-BF4B-00C04F79EFBC}") = "MGF.Tools.ProjectBootstrap.Tests", "tests\MGF.Tools.ProjectBootstrap.Tests\MGF.Tools.ProjectBootstrap.Tests.csproj", "{EAC860A6-AE17-41FC-B5C5-BE1A48C278AE}"
EndProject
Project("{2150E333-8FDC-42A3-9474-1A3956D46DE8}") = "tools", "tools", "{07C2787E-EAC7-C090-1BA3-A61EC2A24D84}"
EndProject
Project("{2150E333-8FDC-42A3-9474-1A3956D46DE8}") = "dev-secrets", "dev-secrets", "{F405776A-9AA5-D72A-CC96-589674C62E1A}"
EndProject
Project("{2150E333-8FDC-42A3-9474-1A3956D46DE8}") = "src", "src", "{BC8508F4-739E-CE80-03F8-3A90425FBAC9}"
EndProject
Project("{FAE04EC0-301F-11D3-BF4B-00C04F79EFBC}") = "DevSecretsTool", "tools\dev-secrets\src\DevSecretsTool\DevSecretsTool.csproj", "{C4605A4D-13D3-43EA-862E-621BA8DA5932}"
EndProject
Project("{2150E333-8FDC-42A3-9474-1A3956D46DE8}") = "tests", "tests", "{732B4FAF-82AD-6348-F468-5A276093A565}"
EndProject
Project("{FAE04EC0-301F-11D3-BF4B-00C04F79EFBC}") = "DevSecretsTool.Tests", "tools\dev-secrets\tests\DevSecretsTool.Tests\DevSecretsTool.Tests.csproj", "{94E49E1C-15AD-485E-A33C-90117AD4C11D}"
EndProject
Project("{FAE04EC0-301F-11D3-BF4B-00C04F79EFBC}") = "MGF.Tools.SquareImport.Tests", "tests\MGF.Tools.SquareImport.Tests\MGF.Tools.SquareImport.Tests.csproj", "{2D76D08D-0874-4FF0-AC9A-FEED97870831}"
EndProject
Global
	GlobalSection(SolutionConfigurationPlatforms) = preSolution
		Debug|Any CPU = Debug|Any CPU
		Debug|x64 = Debug|x64
		Debug|x86 = Debug|x86
		Release|Any CPU = Release|Any CPU
		Release|x64 = Release|x64
		Release|x86 = Release|x86
	EndGlobalSection
	GlobalSection(ProjectConfigurationPlatforms) = postSolution
		{F37ACDF1-B771-4028-8337-EDE7C8DC0E86}.Debug|Any CPU.ActiveCfg = Debug|Any CPU
		{F37ACDF1-B771-4028-8337-EDE7C8DC0E86}.Debug|Any CPU.Build.0 = Debug|Any CPU
		{F37ACDF1-B771-4028-8337-EDE7C8DC0E86}.Debug|x64.ActiveCfg = Debug|Any CPU
		{F37ACDF1-B771-4028-8337-EDE7C8DC0E86}.Debug|x64.Build.0 = Debug|Any CPU
		{F37ACDF1-B771-4028-8337-EDE7C8DC0E86}.Debug|x86.ActiveCfg = Debug|Any CPU
		{F37ACDF1-B771-4028-8337-EDE7C8DC0E86}.Debug|x86.Build.0 = Debug|Any CPU
		{F37ACDF1-B771-4028-8337-EDE7C8DC0E86}.Release|Any CPU.ActiveCfg = Release|Any CPU
		{F37ACDF1-B771-4028-8337-EDE7C8DC0E86}.Release|Any CPU.Build.0 = Release|Any CPU
		{F37ACDF1-B771-4028-8337-EDE7C8DC0E86}.Release|x64.ActiveCfg = Release|Any CPU
		{F37ACDF1-B771-4028-8337-EDE7C8DC0E86}.Release|x64.Build.0 = Release|Any CPU
		{F37ACDF1-B771-4028-8337-EDE7C8DC0E86}.Release|x86.ActiveCfg = Release|Any CPU
		{F37ACDF1-B771-4028-8337-EDE7C8DC0E86}.Release|x86.Build.0 = Release|Any CPU
		{5297B927-98B8-4700-9E26-865943304B21}.Debug|Any CPU.ActiveCfg = Debug|Any CPU
		{5297B927-98B8-4700-9E26-865943304B21}.Debug|Any CPU.Build.0 = Debug|Any CPU
		{5297B927-98B8-4700-9E26-865943304B21}.Debug|x64.ActiveCfg = Debug|Any CPU
		{5297B927-98B8-4700-9E26-865943304B21}.Debug|x64.Build.0 = Debug|Any CPU
		{5297B927-98B8-4700-9E26-865943304B21}.Debug|x86.ActiveCfg = Debug|Any CPU
		{5297B927-98B8-4700-9E26-865943304B21}.Debug|x86.Build.0 = Debug|Any CPU
		{5297B927-98B8-4700-9E26-865943304B21}.Release|Any CPU.ActiveCfg = Release|Any CPU
		{5297B927-98B8-4700-9E26-865943304B21}.Release|Any CPU.Build.0 = Release|Any CPU
		{5297B927-98B8-4700-9E26-865943304B21}.Release|x64.ActiveCfg = Release|Any CPU
		{5297B927-98B8-4700-9E26-865943304B21}.Release|x64.Build.0 = Release|Any CPU
		{5297B927-98B8-4700-9E26-865943304B21}.Release|x86.ActiveCfg = Release|Any CPU
		{5297B927-98B8-4700-9E26-865943304B21}.Release|x86.Build.0 = Release|Any CPU
		{8BA684C5-3FEB-4222-B0CD-CDE6AD0D98CA}.Debug|Any CPU.ActiveCfg = Debug|Any CPU
		{8BA684C5-3FEB-4222-B0CD-CDE6AD0D98CA}.Debug|Any CPU.Build.0 = Debug|Any CPU
		{8BA684C5-3FEB-4222-B0CD-CDE6AD0D98CA}.Debug|x64.ActiveCfg = Debug|Any CPU
		{8BA684C5-3FEB-4222-B0CD-CDE6AD0D98CA}.Debug|x64.Build.0 = Debug|Any CPU
		{8BA684C5-3FEB-4222-B0CD-CDE6AD0D98CA}.Debug|x86.ActiveCfg = Debug|Any CPU
		{8BA684C5-3FEB-4222-B0CD-CDE6AD0D98CA}.Debug|x86.Build.0 = Debug|Any CPU
		{8BA684C5-3FEB-4222-B0CD-CDE6AD0D98CA}.Release|Any CPU.ActiveCfg = Release|Any CPU
		{8BA684C5-3FEB-4222-B0CD-CDE6AD0D98CA}.Release|Any CPU.Build.0 = Release|Any CPU
		{8BA684C5-3FEB-4222-B0CD-CDE6AD0D98CA}.Release|x64.ActiveCfg = Release|Any CPU
		{8BA684C5-3FEB-4222-B0CD-CDE6AD0D98CA}.Release|x64.Build.0 = Release|Any CPU
		{8BA684C5-3FEB-4222-B0CD-CDE6AD0D98CA}.Release|x86.ActiveCfg = Release|Any CPU
		{8BA684C5-3FEB-4222-B0CD-CDE6AD0D98CA}.Release|x86.Build.0 = Release|Any CPU
		{9605EFFB-D58D-4939-934A-C60B61580218}.Debug|Any CPU.ActiveCfg = Debug|Any CPU
		{9605EFFB-D58D-4939-934A-C60B61580218}.Debug|Any CPU.Build.0 = Debug|Any CPU
		{9605EFFB-D58D-4939-934A-C60B61580218}.Debug|x64.ActiveCfg = Debug|Any CPU
		{9605EFFB-D58D-4939-934A-C60B61580218}.Debug|x64.Build.0 = Debug|Any CPU
		{9605EFFB-D58D-4939-934A-C60B61580218}.Debug|x86.ActiveCfg = Debug|Any CPU
		{9605EFFB-D58D-4939-934A-C60B61580218}.Debug|x86.Build.0 = Debug|Any CPU
		{9605EFFB-D58D-4939-934A-C60B61580218}.Release|Any CPU.ActiveCfg = Release|Any CPU
		{9605EFFB-D58D-4939-934A-C60B61580218}.Release|Any CPU.Build.0 = Release|Any CPU
		{9605EFFB-D58D-4939-934A-C60B61580218}.Release|x64.ActiveCfg = Release|Any CPU
		{9605EFFB-D58D-4939-934A-C60B61580218}.Release|x64.Build.0 = Release|Any CPU
		{9605EFFB-D58D-4939-934A-C60B61580218}.Release|x86.ActiveCfg = Release|Any CPU
		{9605EFFB-D58D-4939-934A-C60B61580218}.Release|x86.Build.0 = Release|Any CPU
		{15072A07-6D2E-4800-8326-41BE141FF996}.Debug|Any CPU.ActiveCfg = Debug|Any CPU
		{15072A07-6D2E-4800-8326-41BE141FF996}.Debug|Any CPU.Build.0 = Debug|Any CPU
		{15072A07-6D2E-4800-8326-41BE141FF996}.Debug|x64.ActiveCfg = Debug|Any CPU
		{15072A07-6D2E-4800-8326-41BE141FF996}.Debug|x64.Build.0 = Debug|Any CPU
		{15072A07-6D2E-4800-8326-41BE141FF996}.Debug|x86.ActiveCfg = Debug|Any CPU
		{15072A07-6D2E-4800-8326-41BE141FF996}.Debug|x86.Build.0 = Debug|Any CPU
		{15072A07-6D2E-4800-8326-41BE141FF996}.Release|Any CPU.ActiveCfg = Release|Any CPU
		{15072A07-6D2E-4800-8326-41BE141FF996}.Release|Any CPU.Build.0 = Release|Any CPU
		{15072A07-6D2E-4800-8326-41BE141FF996}.Release|x64.ActiveCfg = Release|Any CPU
		{15072A07-6D2E-4800-8326-41BE141FF996}.Release|x64.Build.0 = Release|Any CPU
		{15072A07-6D2E-4800-8326-41BE141FF996}.Release|x86.ActiveCfg = Release|Any CPU
		{15072A07-6D2E-4800-8326-41BE141FF996}.Release|x86.Build.0 = Release|Any CPU
		{223C07C1-4CDA-4DAD-A564-8782B3BD5088}.Debug|Any CPU.ActiveCfg = Debug|Any CPU
		{223C07C1-4CDA-4DAD-A564-8782B3BD5088}.Debug|Any CPU.Build.0 = Debug|Any CPU
		{223C07C1-4CDA-4DAD-A564-8782B3BD5088}.Debug|x64.ActiveCfg = Debug|Any CPU
		{223C07C1-4CDA-4DAD-A564-8782B3BD5088}.Debug|x64.Build.0 = Debug|Any CPU
		{223C07C1-4CDA-4DAD-A564-8782B3BD5088}.Debug|x86.ActiveCfg = Debug|Any CPU
		{223C07C1-4CDA-4DAD-A564-8782B3BD5088}.Debug|x86.Build.0 = Debug|Any CPU
		{223C07C1-4CDA-4DAD-A564-8782B3BD5088}.Release|Any CPU.ActiveCfg = Release|Any CPU
		{223C07C1-4CDA-4DAD-A564-8782B3BD5088}.Release|Any CPU.Build.0 = Release|Any CPU
		{223C07C1-4CDA-4DAD-A564-8782B3BD5088}.Release|x64.ActiveCfg = Release|Any CPU
		{223C07C1-4CDA-4DAD-A564-8782B3BD5088}.Release|x64.Build.0 = Release|Any CPU
		{223C07C1-4CDA-4DAD-A564-8782B3BD5088}.Release|x86.ActiveCfg = Release|Any CPU
		{223C07C1-4CDA-4DAD-A564-8782B3BD5088}.Release|x86.Build.0 = Release|Any CPU
		{5534A907-9024-46D4-96D2-63A52B650774}.Debug|Any CPU.ActiveCfg = Debug|Any CPU
		{5534A907-9024-46D4-96D2-63A52B650774}.Debug|Any CPU.Build.0 = Debug|Any CPU
		{5534A907-9024-46D4-96D2-63A52B650774}.Debug|x64.ActiveCfg = Debug|Any CPU
		{5534A907-9024-46D4-96D2-63A52B650774}.Debug|x64.Build.0 = Debug|Any CPU
		{5534A907-9024-46D4-96D2-63A52B650774}.Debug|x86.ActiveCfg = Debug|Any CPU
		{5534A907-9024-46D4-96D2-63A52B650774}.Debug|x86.Build.0 = Debug|Any CPU
		{5534A907-9024-46D4-96D2-63A52B650774}.Release|Any CPU.ActiveCfg = Release|Any CPU
		{5534A907-9024-46D4-96D2-63A52B650774}.Release|Any CPU.Build.0 = Release|Any CPU
		{5534A907-9024-46D4-96D2-63A52B650774}.Release|x64.ActiveCfg = Release|Any CPU
		{5534A907-9024-46D4-96D2-63A52B650774}.Release|x64.Build.0 = Release|Any CPU
		{5534A907-9024-46D4-96D2-63A52B650774}.Release|x86.ActiveCfg = Release|Any CPU
		{5534A907-9024-46D4-96D2-63A52B650774}.Release|x86.Build.0 = Release|Any CPU
		{E2C25545-8E02-4D9A-843C-DE540BC85F69}.Debug|Any CPU.ActiveCfg = Debug|Any CPU
		{E2C25545-8E02-4D9A-843C-DE540BC85F69}.Debug|Any CPU.Build.0 = Debug|Any CPU
		{E2C25545-8E02-4D9A-843C-DE540BC85F69}.Debug|x64.ActiveCfg = Debug|Any CPU
		{E2C25545-8E02-4D9A-843C-DE540BC85F69}.Debug|x64.Build.0 = Debug|Any CPU
		{E2C25545-8E02-4D9A-843C-DE540BC85F69}.Debug|x86.ActiveCfg = Debug|Any CPU
		{E2C25545-8E02-4D9A-843C-DE540BC85F69}.Debug|x86.Build.0 = Debug|Any CPU
		{E2C25545-8E02-4D9A-843C-DE540BC85F69}.Release|Any CPU.ActiveCfg = Release|Any CPU
		{E2C25545-8E02-4D9A-843C-DE540BC85F69}.Release|Any CPU.Build.0 = Release|Any CPU
		{E2C25545-8E02-4D9A-843C-DE540BC85F69}.Release|x64.ActiveCfg = Release|Any CPU
		{E2C25545-8E02-4D9A-843C-DE540BC85F69}.Release|x64.Build.0 = Release|Any CPU
		{E2C25545-8E02-4D9A-843C-DE540BC85F69}.Release|x86.ActiveCfg = Release|Any CPU
		{E2C25545-8E02-4D9A-843C-DE540BC85F69}.Release|x86.Build.0 = Release|Any CPU
		{5A38DC86-EC6E-49D0-8087-BECBD07FAF4C}.Debug|Any CPU.ActiveCfg = Debug|Any CPU
		{5A38DC86-EC6E-49D0-8087-BECBD07FAF4C}.Debug|Any CPU.Build.0 = Debug|Any CPU
		{5A38DC86-EC6E-49D0-8087-BECBD07FAF4C}.Debug|x64.ActiveCfg = Debug|Any CPU
		{5A38DC86-EC6E-49D0-8087-BECBD07FAF4C}.Debug|x64.Build.0 = Debug|Any CPU
		{5A38DC86-EC6E-49D0-8087-BECBD07FAF4C}.Debug|x86.ActiveCfg = Debug|Any CPU
		{5A38DC86-EC6E-49D0-8087-BECBD07FAF4C}.Debug|x86.Build.0 = Debug|Any CPU
		{5A38DC86-EC6E-49D0-8087-BECBD07FAF4C}.Release|Any CPU.ActiveCfg = Release|Any CPU
		{5A38DC86-EC6E-49D0-8087-BECBD07FAF4C}.Release|Any CPU.Build.0 = Release|Any CPU
		{5A38DC86-EC6E-49D0-8087-BECBD07FAF4C}.Release|x64.ActiveCfg = Release|Any CPU
		{5A38DC86-EC6E-49D0-8087-BECBD07FAF4C}.Release|x64.Build.0 = Release|Any CPU
		{5A38DC86-EC6E-49D0-8087-BECBD07FAF4C}.Release|x86.ActiveCfg = Release|Any CPU
		{5A38DC86-EC6E-49D0-8087-BECBD07FAF4C}.Release|x86.Build.0 = Release|Any CPU
		{2D5304AF-DACF-472D-BB5B-79418082F00F}.Debug|Any CPU.ActiveCfg = Debug|Any CPU
		{2D5304AF-DACF-472D-BB5B-79418082F00F}.Debug|Any CPU.Build.0 = Debug|Any CPU
		{2D5304AF-DACF-472D-BB5B-79418082F00F}.Debug|x64.ActiveCfg = Debug|Any CPU
		{2D5304AF-DACF-472D-BB5B-79418082F00F}.Debug|x64.Build.0 = Debug|Any CPU
		{2D5304AF-DACF-472D-BB5B-79418082F00F}.Debug|x86.ActiveCfg = Debug|Any CPU
		{2D5304AF-DACF-472D-BB5B-79418082F00F}.Debug|x86.Build.0 = Debug|Any CPU
		{2D5304AF-DACF-472D-BB5B-79418082F00F}.Release|Any CPU.ActiveCfg = Release|Any CPU
		{2D5304AF-DACF-472D-BB5B-79418082F00F}.Release|Any CPU.Build.0 = Release|Any CPU
		{2D5304AF-DACF-472D-BB5B-79418082F00F}.Release|x64.ActiveCfg = Release|Any CPU
		{2D5304AF-DACF-472D-BB5B-79418082F00F}.Release|x64.Build.0 = Release|Any CPU
		{2D5304AF-DACF-472D-BB5B-79418082F00F}.Release|x86.ActiveCfg = Release|Any CPU
		{2D5304AF-DACF-472D-BB5B-79418082F00F}.Release|x86.Build.0 = Release|Any CPU
		{CA1639AE-FFAA-4378-AE1A-904D4456F738}.Debug|Any CPU.ActiveCfg = Debug|Any CPU
		{CA1639AE-FFAA-4378-AE1A-904D4456F738}.Debug|Any CPU.Build.0 = Debug|Any CPU
		{CA1639AE-FFAA-4378-AE1A-904D4456F738}.Debug|x64.ActiveCfg = Debug|Any CPU
		{CA1639AE-FFAA-4378-AE1A-904D4456F738}.Debug|x64.Build.0 = Debug|Any CPU
		{CA1639AE-FFAA-4378-AE1A-904D4456F738}.Debug|x86.ActiveCfg = Debug|Any CPU
		{CA1639AE-FFAA-4378-AE1A-904D4456F738}.Debug|x86.Build.0 = Debug|Any CPU
		{CA1639AE-FFAA-4378-AE1A-904D4456F738}.Release|Any CPU.ActiveCfg = Release|Any CPU
		{CA1639AE-FFAA-4378-AE1A-904D4456F738}.Release|Any CPU.Build.0 = Release|Any CPU
		{CA1639AE-FFAA-4378-AE1A-904D4456F738}.Release|x64.ActiveCfg = Release|Any CPU
		{CA1639AE-FFAA-4378-AE1A-904D4456F738}.Release|x64.Build.0 = Release|Any CPU
		{CA1639AE-FFAA-4378-AE1A-904D4456F738}.Release|x86.ActiveCfg = Release|Any CPU
		{CA1639AE-FFAA-4378-AE1A-904D4456F738}.Release|x86.Build.0 = Release|Any CPU
		{709E55AA-D087-42A5-A0D7-3610CB0B362F}.Debug|Any CPU.ActiveCfg = Debug|Any CPU
		{709E55AA-D087-42A5-A0D7-3610CB0B362F}.Debug|Any CPU.Build.0 = Debug|Any CPU
		{709E55AA-D087-42A5-A0D7-3610CB0B362F}.Debug|x64.ActiveCfg = Debug|Any CPU
		{709E55AA-D087-42A5-A0D7-3610CB0B362F}.Debug|x64.Build.0 = Debug|Any CPU
		{709E55AA-D087-42A5-A0D7-3610CB0B362F}.Debug|x86.ActiveCfg = Debug|Any CPU
		{709E55AA-D087-42A5-A0D7-3610CB0B362F}.Debug|x86.Build.0 = Debug|Any CPU
		{709E55AA-D087-42A5-A0D7-3610CB0B362F}.Release|Any CPU.ActiveCfg = Release|Any CPU
		{709E55AA-D087-42A5-A0D7-3610CB0B362F}.Release|Any CPU.Build.0 = Release|Any CPU
		{709E55AA-D087-42A5-A0D7-3610CB0B362F}.Release|x64.ActiveCfg = Release|Any CPU
		{709E55AA-D087-42A5-A0D7-3610CB0B362F}.Release|x64.Build.0 = Release|Any CPU
		{709E55AA-D087-42A5-A0D7-3610CB0B362F}.Release|x86.ActiveCfg = Release|Any CPU
		{709E55AA-D087-42A5-A0D7-3610CB0B362F}.Release|x86.Build.0 = Release|Any CPU
		{AE045178-4EC0-4367-A63B-427C113D7648}.Debug|Any CPU.ActiveCfg = Debug|Any CPU
		{AE045178-4EC0-4367-A63B-427C113D7648}.Debug|Any CPU.Build.0 = Debug|Any CPU
		{AE045178-4EC0-4367-A63B-427C113D7648}.Debug|x64.ActiveCfg = Debug|Any CPU
		{AE045178-4EC0-4367-A63B-427C113D7648}.Debug|x64.Build.0 = Debug|Any CPU
		{AE045178-4EC0-4367-A63B-427C113D7648}.Debug|x86.ActiveCfg = Debug|Any CPU
		{AE045178-4EC0-4367-A63B-427C113D7648}.Debug|x86.Build.0 = Debug|Any CPU
		{AE045178-4EC0-4367-A63B-427C113D7648}.Release|Any CPU.ActiveCfg = Release|Any CPU
		{AE045178-4EC0-4367-A63B-427C113D7648}.Release|Any CPU.Build.0 = Release|Any CPU
		{AE045178-4EC0-4367-A63B-427C113D7648}.Release|x64.ActiveCfg = Release|Any CPU
		{AE045178-4EC0-4367-A63B-427C113D7648}.Release|x64.Build.0 = Release|Any CPU
		{AE045178-4EC0-4367-A63B-427C113D7648}.Release|x86.ActiveCfg = Release|Any CPU
		{AE045178-4EC0-4367-A63B-427C113D7648}.Release|x86.Build.0 = Release|Any CPU
		{B5B9483E-3FD3-4F87-A80E-4FCD1490A629}.Debug|Any CPU.ActiveCfg = Debug|Any CPU
		{B5B9483E-3FD3-4F87-A80E-4FCD1490A629}.Debug|Any CPU.Build.0 = Debug|Any CPU
		{B5B9483E-3FD3-4F87-A80E-4FCD1490A629}.Debug|x64.ActiveCfg = Debug|Any CPU
		{B5B9483E-3FD3-4F87-A80E-4FCD1490A629}.Debug|x64.Build.0 = Debug|Any CPU
		{B5B9483E-3FD3-4F87-A80E-4FCD1490A629}.Debug|x86.ActiveCfg = Debug|Any CPU
		{B5B9483E-3FD3-4F87-A80E-4FCD1490A629}.Debug|x86.Build.0 = Debug|Any CPU
		{B5B9483E-3FD3-4F87-A80E-4FCD1490A629}.Release|Any CPU.ActiveCfg = Release|Any CPU
		{B5B9483E-3FD3-4F87-A80E-4FCD1490A629}.Release|Any CPU.Build.0 = Release|Any CPU
		{B5B9483E-3FD3-4F87-A80E-4FCD1490A629}.Release|x64.ActiveCfg = Release|Any CPU
		{B5B9483E-3FD3-4F87-A80E-4FCD1490A629}.Release|x64.Build.0 = Release|Any CPU
		{B5B9483E-3FD3-4F87-A80E-4FCD1490A629}.Release|x86.ActiveCfg = Release|Any CPU
		{B5B9483E-3FD3-4F87-A80E-4FCD1490A629}.Release|x86.Build.0 = Release|Any CPU
		{0B25CB0E-CB31-45BB-909C-0C7C46B55582}.Debug|Any CPU.ActiveCfg = Debug|Any CPU
		{0B25CB0E-CB31-45BB-909C-0C7C46B55582}.Debug|Any CPU.Build.0 = Debug|Any CPU
		{0B25CB0E-CB31-45BB-909C-0C7C46B55582}.Debug|x64.ActiveCfg = Debug|Any CPU
		{0B25CB0E-CB31-45BB-909C-0C7C46B55582}.Debug|x64.Build.0 = Debug|Any CPU
		{0B25CB0E-CB31-45BB-909C-0C7C46B55582}.Debug|x86.ActiveCfg = Debug|Any CPU
		{0B25CB0E-CB31-45BB-909C-0C7C46B55582}.Debug|x86.Build.0 = Debug|Any CPU
		{0B25CB0E-CB31-45BB-909C-0C7C46B55582}.Release|Any CPU.ActiveCfg = Release|Any CPU
		{0B25CB0E-CB31-45BB-909C-0C7C46B55582}.Release|Any CPU.Build.0 = Release|Any CPU
		{0B25CB0E-CB31-45BB-909C-0C7C46B55582}.Release|x64.ActiveCfg = Release|Any CPU
		{0B25CB0E-CB31-45BB-909C-0C7C46B55582}.Release|x64.Build.0 = Release|Any CPU
		{0B25CB0E-CB31-45BB-909C-0C7C46B55582}.Release|x86.ActiveCfg = Release|Any CPU
		{0B25CB0E-CB31-45BB-909C-0C7C46B55582}.Release|x86.Build.0 = Release|Any CPU
		{A12C1D09-C51E-4BED-9B5D-85ECDA1F84A2}.Debug|Any CPU.ActiveCfg = Debug|Any CPU
		{A12C1D09-C51E-4BED-9B5D-85ECDA1F84A2}.Debug|Any CPU.Build.0 = Debug|Any CPU
		{A12C1D09-C51E-4BED-9B5D-85ECDA1F84A2}.Debug|x64.ActiveCfg = Debug|Any CPU
		{A12C1D09-C51E-4BED-9B5D-85ECDA1F84A2}.Debug|x64.Build.0 = Debug|Any CPU
		{A12C1D09-C51E-4BED-9B5D-85ECDA1F84A2}.Debug|x86.ActiveCfg = Debug|Any CPU
		{A12C1D09-C51E-4BED-9B5D-85ECDA1F84A2}.Debug|x86.Build.0 = Debug|Any CPU
		{A12C1D09-C51E-4BED-9B5D-85ECDA1F84A2}.Release|Any CPU.ActiveCfg = Release|Any CPU
		{A12C1D09-C51E-4BED-9B5D-85ECDA1F84A2}.Release|Any CPU.Build.0 = Release|Any CPU
		{A12C1D09-C51E-4BED-9B5D-85ECDA1F84A2}.Release|x64.ActiveCfg = Release|Any CPU
		{A12C1D09-C51E-4BED-9B5D-85ECDA1F84A2}.Release|x64.Build.0 = Release|Any CPU
		{A12C1D09-C51E-4BED-9B5D-85ECDA1F84A2}.Release|x86.ActiveCfg = Release|Any CPU
		{A12C1D09-C51E-4BED-9B5D-85ECDA1F84A2}.Release|x86.Build.0 = Release|Any CPU
		{9FA4B1BC-A43F-4A2D-A5D5-618C400CA4A9}.Debug|Any CPU.ActiveCfg = Debug|Any CPU
		{9FA4B1BC-A43F-4A2D-A5D5-618C400CA4A9}.Debug|Any CPU.Build.0 = Debug|Any CPU
		{9FA4B1BC-A43F-4A2D-A5D5-618C400CA4A9}.Debug|x64.ActiveCfg = Debug|Any CPU
		{9FA4B1BC-A43F-4A2D-A5D5-618C400CA4A9}.Debug|x64.Build.0 = Debug|Any CPU
		{9FA4B1BC-A43F-4A2D-A5D5-618C400CA4A9}.Debug|x86.ActiveCfg = Debug|Any CPU
		{9FA4B1BC-A43F-4A2D-A5D5-618C400CA4A9}.Debug|x86.Build.0 = Debug|Any CPU
		{9FA4B1BC-A43F-4A2D-A5D5-618C400CA4A9}.Release|Any CPU.ActiveCfg = Release|Any CPU
		{9FA4B1BC-A43F-4A2D-A5D5-618C400CA4A9}.Release|Any CPU.Build.0 = Release|Any CPU
		{9FA4B1BC-A43F-4A2D-A5D5-618C400CA4A9}.Release|x64.ActiveCfg = Release|Any CPU
		{9FA4B1BC-A43F-4A2D-A5D5-618C400CA4A9}.Release|x64.Build.0 = Release|Any CPU
		{9FA4B1BC-A43F-4A2D-A5D5-618C400CA4A9}.Release|x86.ActiveCfg = Release|Any CPU
		{9FA4B1BC-A43F-4A2D-A5D5-618C400CA4A9}.Release|x86.Build.0 = Release|Any CPU
		{A09AEA20-8FEF-4C03-ADB7-BD1B95CB3340}.Debug|Any CPU.ActiveCfg = Debug|Any CPU
		{A09AEA20-8FEF-4C03-ADB7-BD1B95CB3340}.Debug|Any CPU.Build.0 = Debug|Any CPU
		{A09AEA20-8FEF-4C03-ADB7-BD1B95CB3340}.Debug|x64.ActiveCfg = Debug|Any CPU
		{A09AEA20-8FEF-4C03-ADB7-BD1B95CB3340}.Debug|x64.Build.0 = Debug|Any CPU
		{A09AEA20-8FEF-4C03-ADB7-BD1B95CB3340}.Debug|x86.ActiveCfg = Debug|Any CPU
		{A09AEA20-8FEF-4C03-ADB7-BD1B95CB3340}.Debug|x86.Build.0 = Debug|Any CPU
		{A09AEA20-8FEF-4C03-ADB7-BD1B95CB3340}.Release|Any CPU.ActiveCfg = Release|Any CPU
		{A09AEA20-8FEF-4C03-ADB7-BD1B95CB3340}.Release|Any CPU.Build.0 = Release|Any CPU
		{A09AEA20-8FEF-4C03-ADB7-BD1B95CB3340}.Release|x64.ActiveCfg = Release|Any CPU
		{A09AEA20-8FEF-4C03-ADB7-BD1B95CB3340}.Release|x64.Build.0 = Release|Any CPU
		{A09AEA20-8FEF-4C03-ADB7-BD1B95CB3340}.Release|x86.ActiveCfg = Release|Any CPU
		{A09AEA20-8FEF-4C03-ADB7-BD1B95CB3340}.Release|x86.Build.0 = Release|Any CPU
		{D7CA95D2-1857-4354-A450-952E20730651}.Debug|Any CPU.ActiveCfg = Debug|Any CPU
		{D7CA95D2-1857-4354-A450-952E20730651}.Debug|Any CPU.Build.0 = Debug|Any CPU
		{D7CA95D2-1857-4354-A450-952E20730651}.Debug|x64.ActiveCfg = Debug|Any CPU
		{D7CA95D2-1857-4354-A450-952E20730651}.Debug|x64.Build.0 = Debug|Any CPU
		{D7CA95D2-1857-4354-A450-952E20730651}.Debug|x86.ActiveCfg = Debug|Any CPU
		{D7CA95D2-1857-4354-A450-952E20730651}.Debug|x86.Build.0 = Debug|Any CPU
		{D7CA95D2-1857-4354-A450-952E20730651}.Release|Any CPU.ActiveCfg = Release|Any CPU
		{D7CA95D2-1857-4354-A450-952E20730651}.Release|Any CPU.Build.0 = Release|Any CPU
		{D7CA95D2-1857-4354-A450-952E20730651}.Release|x64.ActiveCfg = Release|Any CPU
		{D7CA95D2-1857-4354-A450-952E20730651}.Release|x64.Build.0 = Release|Any CPU
		{D7CA95D2-1857-4354-A450-952E20730651}.Release|x86.ActiveCfg = Release|Any CPU
		{D7CA95D2-1857-4354-A450-952E20730651}.Release|x86.Build.0 = Release|Any CPU
		{E9423ABD-6256-4DF9-876D-8ADE5ED88A97}.Debug|Any CPU.ActiveCfg = Debug|Any CPU
		{E9423ABD-6256-4DF9-876D-8ADE5ED88A97}.Debug|Any CPU.Build.0 = Debug|Any CPU
		{E9423ABD-6256-4DF9-876D-8ADE5ED88A97}.Debug|x64.ActiveCfg = Debug|Any CPU
		{E9423ABD-6256-4DF9-876D-8ADE5ED88A97}.Debug|x64.Build.0 = Debug|Any CPU
		{E9423ABD-6256-4DF9-876D-8ADE5ED88A97}.Debug|x86.ActiveCfg = Debug|Any CPU
		{E9423ABD-6256-4DF9-876D-8ADE5ED88A97}.Debug|x86.Build.0 = Debug|Any CPU
		{E9423ABD-6256-4DF9-876D-8ADE5ED88A97}.Release|Any CPU.ActiveCfg = Release|Any CPU
		{E9423ABD-6256-4DF9-876D-8ADE5ED88A97}.Release|Any CPU.Build.0 = Release|Any CPU
		{E9423ABD-6256-4DF9-876D-8ADE5ED88A97}.Release|x64.ActiveCfg = Release|Any CPU
		{E9423ABD-6256-4DF9-876D-8ADE5ED88A97}.Release|x64.Build.0 = Release|Any CPU
		{E9423ABD-6256-4DF9-876D-8ADE5ED88A97}.Release|x86.ActiveCfg = Release|Any CPU
		{E9423ABD-6256-4DF9-876D-8ADE5ED88A97}.Release|x86.Build.0 = Release|Any CPU
		{EAC860A6-AE17-41FC-B5C5-BE1A48C278AE}.Debug|Any CPU.ActiveCfg = Debug|Any CPU
		{EAC860A6-AE17-41FC-B5C5-BE1A48C278AE}.Debug|Any CPU.Build.0 = Debug|Any CPU
		{EAC860A6-AE17-41FC-B5C5-BE1A48C278AE}.Debug|x64.ActiveCfg = Debug|Any CPU
		{EAC860A6-AE17-41FC-B5C5-BE1A48C278AE}.Debug|x64.Build.0 = Debug|Any CPU
		{EAC860A6-AE17-41FC-B5C5-BE1A48C278AE}.Debug|x86.ActiveCfg = Debug|Any CPU
		{EAC860A6-AE17-41FC-B5C5-BE1A48C278AE}.Debug|x86.Build.0 = Debug|Any CPU
		{EAC860A6-AE17-41FC-B5C5-BE1A48C278AE}.Release|Any CPU.ActiveCfg = Release|Any CPU
		{EAC860A6-AE17-41FC-B5C5-BE1A48C278AE}.Release|Any CPU.Build.0 = Release|Any CPU
		{EAC860A6-AE17-41FC-B5C5-BE1A48C278AE}.Release|x64.ActiveCfg = Release|Any CPU
		{EAC860A6-AE17-41FC-B5C5-BE1A48C278AE}.Release|x64.Build.0 = Release|Any CPU
		{EAC860A6-AE17-41FC-B5C5-BE1A48C278AE}.Release|x86.ActiveCfg = Release|Any CPU
		{EAC860A6-AE17-41FC-B5C5-BE1A48C278AE}.Release|x86.Build.0 = Release|Any CPU
		{C4605A4D-13D3-43EA-862E-621BA8DA5932}.Debug|Any CPU.ActiveCfg = Debug|Any CPU
		{C4605A4D-13D3-43EA-862E-621BA8DA5932}.Debug|Any CPU.Build.0 = Debug|Any CPU
		{C4605A4D-13D3-43EA-862E-621BA8DA5932}.Debug|x64.ActiveCfg = Debug|Any CPU
		{C4605A4D-13D3-43EA-862E-621BA8DA5932}.Debug|x64.Build.0 = Debug|Any CPU
		{C4605A4D-13D3-43EA-862E-621BA8DA5932}.Debug|x86.ActiveCfg = Debug|Any CPU
		{C4605A4D-13D3-43EA-862E-621BA8DA5932}.Debug|x86.Build.0 = Debug|Any CPU
		{C4605A4D-13D3-43EA-862E-621BA8DA5932}.Release|Any CPU.ActiveCfg = Release|Any CPU
		{C4605A4D-13D3-43EA-862E-621BA8DA5932}.Release|Any CPU.Build.0 = Release|Any CPU
		{C4605A4D-13D3-43EA-862E-621BA8DA5932}.Release|x64.ActiveCfg = Release|Any CPU
		{C4605A4D-13D3-43EA-862E-621BA8DA5932}.Release|x64.Build.0 = Release|Any CPU
		{C4605A4D-13D3-43EA-862E-621BA8DA5932}.Release|x86.ActiveCfg = Release|Any CPU
		{C4605A4D-13D3-43EA-862E-621BA8DA5932}.Release|x86.Build.0 = Release|Any CPU
		{94E49E1C-15AD-485E-A33C-90117AD4C11D}.Debug|Any CPU.ActiveCfg = Debug|Any CPU
		{94E49E1C-15AD-485E-A33C-90117AD4C11D}.Debug|Any CPU.Build.0 = Debug|Any CPU
		{94E49E1C-15AD-485E-A33C-90117AD4C11D}.Debug|x64.ActiveCfg = Debug|Any CPU
		{94E49E1C-15AD-485E-A33C-90117AD4C11D}.Debug|x64.Build.0 = Debug|Any CPU
		{94E49E1C-15AD-485E-A33C-90117AD4C11D}.Debug|x86.ActiveCfg = Debug|Any CPU
		{94E49E1C-15AD-485E-A33C-90117AD4C11D}.Debug|x86.Build.0 = Debug|Any CPU
		{94E49E1C-15AD-485E-A33C-90117AD4C11D}.Release|Any CPU.ActiveCfg = Release|Any CPU
		{94E49E1C-15AD-485E-A33C-90117AD4C11D}.Release|Any CPU.Build.0 = Release|Any CPU
		{94E49E1C-15AD-485E-A33C-90117AD4C11D}.Release|x64.ActiveCfg = Release|Any CPU
		{94E49E1C-15AD-485E-A33C-90117AD4C11D}.Release|x64.Build.0 = Release|Any CPU
		{94E49E1C-15AD-485E-A33C-90117AD4C11D}.Release|x86.ActiveCfg = Release|Any CPU
		{94E49E1C-15AD-485E-A33C-90117AD4C11D}.Release|x86.Build.0 = Release|Any CPU
		{2D76D08D-0874-4FF0-AC9A-FEED97870831}.Debug|Any CPU.ActiveCfg = Debug|Any CPU
		{2D76D08D-0874-4FF0-AC9A-FEED97870831}.Debug|Any CPU.Build.0 = Debug|Any CPU
		{2D76D08D-0874-4FF0-AC9A-FEED97870831}.Debug|x64.ActiveCfg = Debug|Any CPU
		{2D76D08D-0874-4FF0-AC9A-FEED97870831}.Debug|x64.Build.0 = Debug|Any CPU
		{2D76D08D-0874-4FF0-AC9A-FEED97870831}.Debug|x86.ActiveCfg = Debug|Any CPU
		{2D76D08D-0874-4FF0-AC9A-FEED97870831}.Debug|x86.Build.0 = Debug|Any CPU
		{2D76D08D-0874-4FF0-AC9A-FEED97870831}.Release|Any CPU.ActiveCfg = Release|Any CPU
		{2D76D08D-0874-4FF0-AC9A-FEED97870831}.Release|Any CPU.Build.0 = Release|Any CPU
		{2D76D08D-0874-4FF0-AC9A-FEED97870831}.Release|x64.ActiveCfg = Release|Any CPU
		{2D76D08D-0874-4FF0-AC9A-FEED97870831}.Release|x64.Build.0 = Release|Any CPU
		{2D76D08D-0874-4FF0-AC9A-FEED97870831}.Release|x86.ActiveCfg = Release|Any CPU
		{2D76D08D-0874-4FF0-AC9A-FEED97870831}.Release|x86.Build.0 = Release|Any CPU
	EndGlobalSection
	GlobalSection(SolutionProperties) = preSolution
		HideSolutionNode = FALSE
	EndGlobalSection
	GlobalSection(NestedProjects) = preSolution
		{F37ACDF1-B771-4028-8337-EDE7C8DC0E86} = {827E0CD3-B72D-47B6-A68D-7590B98EB39B}
		{5297B927-98B8-4700-9E26-865943304B21} = {827E0CD3-B72D-47B6-A68D-7590B98EB39B}
		{8BA684C5-3FEB-4222-B0CD-CDE6AD0D98CA} = {827E0CD3-B72D-47B6-A68D-7590B98EB39B}
		{9605EFFB-D58D-4939-934A-C60B61580218} = {827E0CD3-B72D-47B6-A68D-7590B98EB39B}
		{15072A07-6D2E-4800-8326-41BE141FF996} = {827E0CD3-B72D-47B6-A68D-7590B98EB39B}
		{223C07C1-4CDA-4DAD-A564-8782B3BD5088} = {0AB3BF05-4346-4AA6-1389-037BE0695223}
		{5534A907-9024-46D4-96D2-63A52B650774} = {0AB3BF05-4346-4AA6-1389-037BE0695223}
		{E2C25545-8E02-4D9A-843C-DE540BC85F69} = {0AB3BF05-4346-4AA6-1389-037BE0695223}
		{5A38DC86-EC6E-49D0-8087-BECBD07FAF4C} = {827E0CD3-B72D-47B6-A68D-7590B98EB39B}
		{2D5304AF-DACF-472D-BB5B-79418082F00F} = {827E0CD3-B72D-47B6-A68D-7590B98EB39B}
		{CA1639AE-FFAA-4378-AE1A-904D4456F738} = {827E0CD3-B72D-47B6-A68D-7590B98EB39B}
		{709E55AA-D087-42A5-A0D7-3610CB0B362F} = {827E0CD3-B72D-47B6-A68D-7590B98EB39B}
		{AE045178-4EC0-4367-A63B-427C113D7648} = {827E0CD3-B72D-47B6-A68D-7590B98EB39B}
		{B5B9483E-3FD3-4F87-A80E-4FCD1490A629} = {827E0CD3-B72D-47B6-A68D-7590B98EB39B}
		{0B25CB0E-CB31-45BB-909C-0C7C46B55582} = {0AB3BF05-4346-4AA6-1389-037BE0695223}
		{A12C1D09-C51E-4BED-9B5D-85ECDA1F84A2} = {0AB3BF05-4346-4AA6-1389-037BE0695223}
		{9FA4B1BC-A43F-4A2D-A5D5-618C400CA4A9} = {827E0CD3-B72D-47B6-A68D-7590B98EB39B}
		{A09AEA20-8FEF-4C03-ADB7-BD1B95CB3340} = {827E0CD3-B72D-47B6-A68D-7590B98EB39B}
		{D7CA95D2-1857-4354-A450-952E20730651} = {0AB3BF05-4346-4AA6-1389-037BE0695223}
		{E9423ABD-6256-4DF9-876D-8ADE5ED88A97} = {0AB3BF05-4346-4AA6-1389-037BE0695223}
		{EAC860A6-AE17-41FC-B5C5-BE1A48C278AE} = {0AB3BF05-4346-4AA6-1389-037BE0695223}
		{F405776A-9AA5-D72A-CC96-589674C62E1A} = {07C2787E-EAC7-C090-1BA3-A61EC2A24D84}
		{BC8508F4-739E-CE80-03F8-3A90425FBAC9} = {F405776A-9AA5-D72A-CC96-589674C62E1A}
		{C4605A4D-13D3-43EA-862E-621BA8DA5932} = {BC8508F4-739E-CE80-03F8-3A90425FBAC9}
		{732B4FAF-82AD-6348-F468-5A276093A565} = {F405776A-9AA5-D72A-CC96-589674C62E1A}
		{94E49E1C-15AD-485E-A33C-90117AD4C11D} = {732B4FAF-82AD-6348-F468-5A276093A565}
		{2D76D08D-0874-4FF0-AC9A-FEED97870831} = {0AB3BF05-4346-4AA6-1389-037BE0695223}
	EndGlobalSection
EndGlobal
